
Microsoft Visual Studio Solution File, Format Version 12.00
# Visual Studio Version 16
VisualStudioVersion = 16.0.31729.503
MinimumVisualStudioVersion = 10.0.40219.1
Project("{8BC9CEB8-8B4A-11D0-8D11-00A0C91BC942}") = "t37", "t37\t37.vcxproj", "{4826B5C1-7208-4D50-BFFE-D7D407E7A2F1}"
EndProject
Global
	GlobalSection(SolutionConfigurationPlatforms) = preSolution
		Debug|x64 = Debug|x64
		Debug|x86 = Debug|x86
		Release|x64 = Release|x64
		Release|x86 = Release|x86
	EndGlobalSection
	GlobalSection(ProjectConfigurationPlatforms) = postSolution
		{4826B5C1-7208-4D50-BFFE-D7D407E7A2F1}.Debug|x64.ActiveCfg = Debug|x64
		{4826B5C1-7208-4D50-BFFE-D7D407E7A2F1}.Debug|x64.Build.0 = Debug|x64
		{4826B5C1-7208-4D50-BFFE-D7D407E7A2F1}.Debug|x86.ActiveCfg = Debug|Win32
		{4826B5C1-7208-4D50-BFFE-D7D407E7A2F1}.Debug|x86.Build.0 = Debug|Win32
		{4826B5C1-7208-4D50-BFFE-D7D407E7A2F1}.Release|x64.ActiveCfg = Release|x64
		{4826B5C1-7208-4D50-BFFE-D7D407E7A2F1}.Release|x64.Build.0 = Release|x64
		{4826B5C1-7208-4D50-BFFE-D7D407E7A2F1}.Release|x86.ActiveCfg = Release|Win32
		{4826B5C1-7208-4D50-BFFE-D7D407E7A2F1}.Release|x86.Build.0 = Release|Win32
	EndGlobalSection
	GlobalSection(SolutionProperties) = preSolution
		HideSolutionNode = FALSE
	EndGlobalSection
	GlobalSection(ExtensibilityGlobals) = postSolution
		SolutionGuid = {9259DB21-A833-4EA4-BCBA-7A64E2177D74}
	EndGlobalSection
EndGlobal
