
Microsoft Visual Studio Solution File, Format Version 12.00
# Visual Studio Version 16
VisualStudioVersion = 16.0.31729.503
MinimumVisualStudioVersion = 10.0.40219.1
Project("{8BC9CEB8-8B4A-11D0-8D11-00A0C91BC942}") = "t76", "t76\t76.vcxproj", "{D0957B0F-0BA5-4ED8-B47A-02E741572E99}"
EndProject
Global
	GlobalSection(SolutionConfigurationPlatforms) = preSolution
		Debug|x64 = Debug|x64
		Debug|x86 = Debug|x86
		Release|x64 = Release|x64
		Release|x86 = Release|x86
	EndGlobalSection
	GlobalSection(ProjectConfigurationPlatforms) = postSolution
		{D0957B0F-0BA5-4ED8-B47A-02E741572E99}.Debug|x64.ActiveCfg = Debug|x64
		{D0957B0F-0BA5-4ED8-B47A-02E741572E99}.Debug|x64.Build.0 = Debug|x64
		{D0957B0F-0BA5-4ED8-B47A-02E741572E99}.Debug|x86.ActiveCfg = Debug|Win32
		{D0957B0F-0BA5-4ED8-B47A-02E741572E99}.Debug|x86.Build.0 = Debug|Win32
		{D0957B0F-0BA5-4ED8-B47A-02E741572E99}.Release|x64.ActiveCfg = Release|x64
		{D0957B0F-0BA5-4ED8-B47A-02E741572E99}.Release|x64.Build.0 = Release|x64
		{D0957B0F-0BA5-4ED8-B47A-02E741572E99}.Release|x86.ActiveCfg = Release|Win32
		{D0957B0F-0BA5-4ED8-B47A-02E741572E99}.Release|x86.Build.0 = Release|Win32
	EndGlobalSection
	GlobalSection(SolutionProperties) = preSolution
		HideSolutionNode = FALSE
	EndGlobalSection
	GlobalSection(ExtensibilityGlobals) = postSolution
		SolutionGuid = {827E0FE8-F181-4F40-8BB2-B83C59B515FC}
	EndGlobalSection
EndGlobal
