
Microsoft Visual Studio Solution File, Format Version 12.00
# Visual Studio Version 16
VisualStudioVersion = 16.0.31729.503
MinimumVisualStudioVersion = 10.0.40219.1
Project("{8BC9CEB8-8B4A-11D0-8D11-00A0C91BC942}") = "t46", "t46\t46.vcxproj", "{F7905475-8821-4234-AADB-B48148773109}"
EndProject
Global
	GlobalSection(SolutionConfigurationPlatforms) = preSolution
		Debug|x64 = Debug|x64
		Debug|x86 = Debug|x86
		Release|x64 = Release|x64
		Release|x86 = Release|x86
	EndGlobalSection
	GlobalSection(ProjectConfigurationPlatforms) = postSolution
		{F7905475-8821-4234-AADB-B48148773109}.Debug|x64.ActiveCfg = Debug|x64
		{F7905475-8821-4234-AADB-B48148773109}.Debug|x64.Build.0 = Debug|x64
		{F7905475-8821-4234-AADB-B48148773109}.Debug|x86.ActiveCfg = Debug|Win32
		{F7905475-8821-4234-AADB-B48148773109}.Debug|x86.Build.0 = Debug|Win32
		{F7905475-8821-4234-AADB-B48148773109}.Release|x64.ActiveCfg = Release|x64
		{F7905475-8821-4234-AADB-B48148773109}.Release|x64.Build.0 = Release|x64
		{F7905475-8821-4234-AADB-B48148773109}.Release|x86.ActiveCfg = Release|Win32
		{F7905475-8821-4234-AADB-B48148773109}.Release|x86.Build.0 = Release|Win32
	EndGlobalSection
	GlobalSection(SolutionProperties) = preSolution
		HideSolutionNode = FALSE
	EndGlobalSection
	GlobalSection(ExtensibilityGlobals) = postSolution
		SolutionGuid = {A4273BF7-7F2C-403F-AC40-EF889CF9B781}
	EndGlobalSection
EndGlobal
